
Microsoft Visual Studio Solution File, Format Version 12.00
# Visual Studio Version 17
VisualStudioVersion = 17.0.31903.59
MinimumVisualStudioVersion = 10.0.40219.1
Project("{F2A71F9B-5D33-465A-A702-920D77279786}") = "Songhay.Player.YouTube", "Songhay.Player.YouTube\Songhay.Player.YouTube.fsproj", "{1BE5761D-E174-4AD1-9322-C927E1765F26}"
EndProject
Project("{F2A71F9B-5D33-465A-A702-920D77279786}") = "Songhay.Player.YouTube.Tests", "Songhay.Player.YouTube.Tests\Songhay.Player.YouTube.Tests.fsproj", "{5D06D0B8-E571-4B20-A4EF-9BE1528604AF}"
EndProject
Global
	GlobalSection(SolutionConfigurationPlatforms) = preSolution
		Debug|Any CPU = Debug|Any CPU
		Release|Any CPU = Release|Any CPU
	EndGlobalSection
	GlobalSection(SolutionProperties) = preSolution
		HideSolutionNode = FALSE
	EndGlobalSection
	GlobalSection(ProjectConfigurationPlatforms) = postSolution
		{1BE5761D-E174-4AD1-9322-C927E1765F26}.Debug|Any CPU.ActiveCfg = Debug|Any CPU
		{1BE5761D-E174-4AD1-9322-C927E1765F26}.Debug|Any CPU.Build.0 = Debug|Any CPU
		{1BE5761D-E174-4AD1-9322-C927E1765F26}.Release|Any CPU.ActiveCfg = Release|Any CPU
		{1BE5761D-E174-4AD1-9322-C927E1765F26}.Release|Any CPU.Build.0 = Release|Any CPU
		{5D06D0B8-E571-4B20-A4EF-9BE1528604AF}.Debug|Any CPU.ActiveCfg = Debug|Any CPU
		{5D06D0B8-E571-4B20-A4EF-9BE1528604AF}.Debug|Any CPU.Build.0 = Debug|Any CPU
		{5D06D0B8-E571-4B20-A4EF-9BE1528604AF}.Release|Any CPU.ActiveCfg = Release|Any CPU
		{5D06D0B8-E571-4B20-A4EF-9BE1528604AF}.Release|Any CPU.Build.0 = Release|Any CPU
	EndGlobalSection
EndGlobal
